
Microsoft Visual Studio Solution File, Format Version 12.00
# Visual Studio for Mac
Project("{FAE04EC0-301F-11D3-BF4B-00C04F79EFBC}") = "Assembly-CSharp", "Assembly-CSharp.csproj", "{2759DBC5-7447-7B03-141C-79BDFB0CC489}"
EndProject
Project("{FAE04EC0-301F-11D3-BF4B-00C04F79EFBC}") = "Assembly-CSharp-Editor", "Assembly-CSharp-Editor.csproj", "{7C11DF8E-A1BF-02FE-ADB6-E21B2C4722BD}"
EndProject
Global
	GlobalSection(SolutionConfigurationPlatforms) = preSolution
		Debug|Any CPU = Debug|Any CPU
		Release|Any CPU = Release|Any CPU
	EndGlobalSection
	GlobalSection(ProjectConfigurationPlatforms) = postSolution
		{2759DBC5-7447-7B03-141C-79BDFB0CC489}.Debug|Any CPU.ActiveCfg = Debug|Any CPU
		{2759DBC5-7447-7B03-141C-79BDFB0CC489}.Debug|Any CPU.Build.0 = Debug|Any CPU
		{2759DBC5-7447-7B03-141C-79BDFB0CC489}.Release|Any CPU.ActiveCfg = Release|Any CPU
		{2759DBC5-7447-7B03-141C-79BDFB0CC489}.Release|Any CPU.Build.0 = Release|Any CPU
		{7C11DF8E-A1BF-02FE-ADB6-E21B2C4722BD}.Debug|Any CPU.ActiveCfg = Debug|Any CPU
		{7C11DF8E-A1BF-02FE-ADB6-E21B2C4722BD}.Debug|Any CPU.Build.0 = Debug|Any CPU
		{7C11DF8E-A1BF-02FE-ADB6-E21B2C4722BD}.Release|Any CPU.ActiveCfg = Release|Any CPU
		{7C11DF8E-A1BF-02FE-ADB6-E21B2C4722BD}.Release|Any CPU.Build.0 = Release|Any CPU
	EndGlobalSection
	GlobalSection(SolutionProperties) = preSolution
		HideSolutionNode = FALSE
	EndGlobalSection
EndGlobal
